
Microsoft Visual Studio Solution File, Format Version 12.00
# Visual Studio 15
VisualStudioVersion = 15.0.33423.255
MinimumVisualStudioVersion = 10.0.40219.1
Project("{FAE04EC0-301F-11D3-BF4B-00C04F79EFBC}") = "Alarmlines", "Alarmlines.csproj", "{B14FA83A-50D6-4941-B92B-C40C63FBFB6B}"
EndProject
Project("{FAE04EC0-301F-11D3-BF4B-00C04F79EFBC}") = "CommonProject", "..\..\CommonProject\CommonProject\CommonProject.csproj", "{DE1D6FCC-616B-46BE-A715-25F2BA6BA664}"
EndProject
Global
	GlobalSection(SolutionConfigurationPlatforms) = preSolution
		Debug|Any CPU = Debug|Any CPU
		Release|Any CPU = Release|Any CPU
	EndGlobalSection
	GlobalSection(ProjectConfigurationPlatforms) = postSolution
		{B14FA83A-50D6-4941-B92B-C40C63FBFB6B}.Debug|Any CPU.ActiveCfg = Debug|Any CPU
		{B14FA83A-50D6-4941-B92B-C40C63FBFB6B}.Debug|Any CPU.Build.0 = Debug|Any CPU
		{B14FA83A-50D6-4941-B92B-C40C63FBFB6B}.Release|Any CPU.ActiveCfg = Release|Any CPU
		{B14FA83A-50D6-4941-B92B-C40C63FBFB6B}.Release|Any CPU.Build.0 = Release|Any CPU
		{DE1D6FCC-616B-46BE-A715-25F2BA6BA664}.Debug|Any CPU.ActiveCfg = Debug|Any CPU
		{DE1D6FCC-616B-46BE-A715-25F2BA6BA664}.Debug|Any CPU.Build.0 = Debug|Any CPU
		{DE1D6FCC-616B-46BE-A715-25F2BA6BA664}.Release|Any CPU.ActiveCfg = Release|Any CPU
		{DE1D6FCC-616B-46BE-A715-25F2BA6BA664}.Release|Any CPU.Build.0 = Release|Any CPU
	EndGlobalSection
	GlobalSection(SolutionProperties) = preSolution
		HideSolutionNode = FALSE
	EndGlobalSection
	GlobalSection(ExtensibilityGlobals) = postSolution
		SolutionGuid = {4062DFEA-6F75-46FB-9B9B-D05AE616F22B}
	EndGlobalSection
EndGlobal
